# This file is automatically @generated by Cargo.
# It is not intended for manual editing.
[[package]]
name = "day06-rust"
version = "0.1.0"
dependencies = [
 "reduce",
]

[[package]]
name = "reduce"
version = "0.1.3"
source = "registry+https://github.com/rust-lang/crates.io-index"
checksum = "a4c8549eb79c1fc8c449cb18a2d9b7873a7cb1bf2fcbfe8a3ad8812320544341"
